
Microsoft Visual Studio Solution File, Format Version 12.00
# Visual Studio 2017
Project("{FAE04EC0-301F-11D3-BF4B-00C04F79EFBC}") = "OGUI", "OGUI.csproj", "{98D55905-2686-236A-D9DD-EC9AACBCE15E}"
EndProject
Project("{FAE04EC0-301F-11D3-BF4B-00C04F79EFBC}") = "OGUI.Editor", "OGUI.Editor.csproj", "{E687EA66-28F6-5A9A-29D3-F67F11B02B07}"
EndProject
Global
	GlobalSection(SolutionConfigurationPlatforms) = preSolution
		Debug|Any CPU = Debug|Any CPU
		Release|Any CPU = Release|Any CPU
	EndGlobalSection
	GlobalSection(ProjectConfigurationPlatforms) = postSolution
		{98D55905-2686-236A-D9DD-EC9AACBCE15E}.Debug|Any CPU.ActiveCfg = Debug|Any CPU
		{98D55905-2686-236A-D9DD-EC9AACBCE15E}.Debug|Any CPU.Build.0 = Debug|Any CPU
		{98D55905-2686-236A-D9DD-EC9AACBCE15E}.Release|Any CPU.ActiveCfg = Release|Any CPU
		{98D55905-2686-236A-D9DD-EC9AACBCE15E}.Release|Any CPU.Build.0 = Release|Any CPU
		{E687EA66-28F6-5A9A-29D3-F67F11B02B07}.Debug|Any CPU.ActiveCfg = Debug|Any CPU
		{E687EA66-28F6-5A9A-29D3-F67F11B02B07}.Debug|Any CPU.Build.0 = Debug|Any CPU
		{E687EA66-28F6-5A9A-29D3-F67F11B02B07}.Release|Any CPU.ActiveCfg = Release|Any CPU
		{E687EA66-28F6-5A9A-29D3-F67F11B02B07}.Release|Any CPU.Build.0 = Release|Any CPU
	EndGlobalSection
	GlobalSection(SolutionProperties) = preSolution
		HideSolutionNode = FALSE
	EndGlobalSection
EndGlobal
